# This file is automatically @generated by Cargo.
# It is not intended for manual editing.
version = 4

[[package]]
name = "concurrent"
version = "0.1.0"

[[package]]
name = "deconstruction"
version = "0.1.0"

[[package]]
name = "iterator"
version = "0.1.0"

[[package]]
name = "ownership"
version = "0.1.0"
